
Microsoft Visual Studio Solution File, Format Version 12.00
# Visual Studio Version 17
VisualStudioVersion = 17.4.33110.190
MinimumVisualStudioVersion = 10.0.40219.1
Project("{FAE04EC0-301F-11D3-BF4B-00C04F79EFBC}") = "getdata", "getdata\getdata.csproj", "{65BC12DF-0BD3-4069-8FD0-82BA4CB53666}"
EndProject
Global
	GlobalSection(SolutionConfigurationPlatforms) = preSolution
		Debug|Any CPU = Debug|Any CPU
		Release|Any CPU = Release|Any CPU
	EndGlobalSection
	GlobalSection(ProjectConfigurationPlatforms) = postSolution
		{65BC12DF-0BD3-4069-8FD0-82BA4CB53666}.Debug|Any CPU.ActiveCfg = Debug|Any CPU
		{65BC12DF-0BD3-4069-8FD0-82BA4CB53666}.Debug|Any CPU.Build.0 = Debug|Any CPU
		{65BC12DF-0BD3-4069-8FD0-82BA4CB53666}.Release|Any CPU.ActiveCfg = Release|Any CPU
		{65BC12DF-0BD3-4069-8FD0-82BA4CB53666}.Release|Any CPU.Build.0 = Release|Any CPU
	EndGlobalSection
	GlobalSection(SolutionProperties) = preSolution
		HideSolutionNode = FALSE
	EndGlobalSection
	GlobalSection(ExtensibilityGlobals) = postSolution
		SolutionGuid = {C4CC04F1-B8BF-47CE-BA11-CB284A03D5C5}
	EndGlobalSection
EndGlobal
